
Microsoft Visual Studio Solution File, Format Version 12.00
# Visual Studio Version 17
VisualStudioVersion = 17.5.002.0
MinimumVisualStudioVersion = 10.0.40219.1
Project("{2150E333-8FDC-42A3-9474-1A3956D46DE8}") = "CsharpProjects", "CsharpProjects", "{BA17D971-547F-4F10-94FE-3B120940493D}"
EndProject
Project("{9A19103F-16F7-4668-BE54-9A1E7A4F7556}") = "TestProject", "CsharpProjects\TestProject\TestProject.csproj", "{E0070E84-82AE-41AB-A11A-5BB1CAC3A634}"
EndProject
Global
	GlobalSection(SolutionConfigurationPlatforms) = preSolution
		Debug|Any CPU = Debug|Any CPU
		Release|Any CPU = Release|Any CPU
	EndGlobalSection
	GlobalSection(ProjectConfigurationPlatforms) = postSolution
		{E0070E84-82AE-41AB-A11A-5BB1CAC3A634}.Debug|Any CPU.ActiveCfg = Debug|Any CPU
		{E0070E84-82AE-41AB-A11A-5BB1CAC3A634}.Debug|Any CPU.Build.0 = Debug|Any CPU
		{E0070E84-82AE-41AB-A11A-5BB1CAC3A634}.Release|Any CPU.ActiveCfg = Release|Any CPU
		{E0070E84-82AE-41AB-A11A-5BB1CAC3A634}.Release|Any CPU.Build.0 = Release|Any CPU
	EndGlobalSection
	GlobalSection(SolutionProperties) = preSolution
		HideSolutionNode = FALSE
	EndGlobalSection
	GlobalSection(NestedProjects) = preSolution
		{E0070E84-82AE-41AB-A11A-5BB1CAC3A634} = {BA17D971-547F-4F10-94FE-3B120940493D}
	EndGlobalSection
	GlobalSection(ExtensibilityGlobals) = postSolution
		SolutionGuid = {0C721C13-7E52-487D-B949-C08FE50BEA25}
	EndGlobalSection
EndGlobal
